// !$*UTF8*$!
{
	archiveVersion = 1;
	classes = {
	};
	objectVersion = 55;
	objects = {

/* Begin PBXBuildFile section */
		822781C32764C980001C0A30 /* liboottracker_static.a in Frameworks */ = {isa = PBXBuildFile; fileRef = 822781C12764C950001C0A30 /* liboottracker_static.a */; };
		822781C52764C991001C0A30 /* libresolv.tbd in Frameworks */ = {isa = PBXBuildFile; fileRef = 822781C42764C991001C0A30 /* libresolv.tbd */; };
		822781C72764CA6F001C0A30 /* ffi.swift in Sources */ = {isa = PBXBuildFile; fileRef = 822781C62764CA6F001C0A30 /* ffi.swift */; };
		828FC1632764C7FE00EFA9E6 /* OoT_TrackerApp.swift in Sources */ = {isa = PBXBuildFile; fileRef = 828FC1622764C7FE00EFA9E6 /* OoT_TrackerApp.swift */; };
		828FC1652764C7FE00EFA9E6 /* ContentView.swift in Sources */ = {isa = PBXBuildFile; fileRef = 828FC1642764C7FE00EFA9E6 /* ContentView.swift */; };
		828FC1672764C80200EFA9E6 /* Assets.xcassets in Resources */ = {isa = PBXBuildFile; fileRef = 828FC1662764C80200EFA9E6 /* Assets.xcassets */; };
		828FC16A2764C80200EFA9E6 /* Preview Assets.xcassets in Resources */ = {isa = PBXBuildFile; fileRef = 828FC1692764C80200EFA9E6 /* Preview Assets.xcassets */; };
/* End PBXBuildFile section */

/* Begin PBXContainerItemProxy section */
		822781C02764C950001C0A30 /* PBXContainerItemProxy */ = {
			isa = PBXContainerItemProxy;
			containerPortal = 822781BC2764C950001C0A30 /* oottracker-swift.xcodeproj */;
			proxyType = 2;
			remoteGlobalIDString = CA60626C75F82EA71F541317;
			remoteInfo = "oottracker-staticlib";
		};
/* End PBXContainerItemProxy section */

/* Begin PBXFileReference section */
		822781BC2764C950001C0A30 /* oottracker-swift.xcodeproj */ = {isa = PBXFileReference; lastKnownFileType = "wrapper.pb-project"; name = "oottracker-swift.xcodeproj"; path = "../../oottracker-swift/oottracker-swift.xcodeproj"; sourceTree = "<group>"; };
		822781C42764C991001C0A30 /* libresolv.tbd */ = {isa = PBXFileReference; lastKnownFileType = "sourcecode.text-based-dylib-definition"; name = libresolv.tbd; path = usr/lib/libresolv.tbd; sourceTree = SDKROOT; };
		822781C62764CA6F001C0A30 /* ffi.swift */ = {isa = PBXFileReference; lastKnownFileType = sourcecode.swift; path = ffi.swift; sourceTree = "<group>"; };
		827608782765E9A7009C604C /* oottracker.h */ = {isa = PBXFileReference; lastKnownFileType = sourcecode.c.h; name = oottracker.h; path = "../../oottracker-swift/oottracker.h"; sourceTree = "<group>"; };
		8276087A2765E9F0009C604C /* oottracker-bridge.h */ = {isa = PBXFileReference; lastKnownFileType = sourcecode.c.h; path = "oottracker-bridge.h"; sourceTree = "<group>"; };
		828FC15F2764C7FE00EFA9E6 /* OoT Tracker.app */ = {isa = PBXFileReference; explicitFileType = wrapper.application; includeInIndex = 0; path = "OoT Tracker.app"; sourceTree = BUILT_PRODUCTS_DIR; };
		828FC1622764C7FE00EFA9E6 /* OoT_TrackerApp.swift */ = {isa = PBXFileReference; lastKnownFileType = sourcecode.swift; path = OoT_TrackerApp.swift; sourceTree = "<group>"; };
		828FC1642764C7FE00EFA9E6 /* ContentView.swift */ = {isa = PBXFileReference; lastKnownFileType = sourcecode.swift; path = ContentView.swift; sourceTree = "<group>"; };
		828FC1662764C80200EFA9E6 /* Assets.xcassets */ = {isa = PBXFileReference; lastKnownFileType = folder.assetcatalog; path = Assets.xcassets; sourceTree = "<group>"; };
		828FC1692764C80200EFA9E6 /* Preview Assets.xcassets */ = {isa = PBXFileReference; lastKnownFileType = folder.assetcatalog; path = "Preview Assets.xcassets"; sourceTree = "<group>"; };
		828FC16B2764C80200EFA9E6 /* OoT_Tracker.entitlements */ = {isa = PBXFileReference; lastKnownFileType = text.plist.entitlements; path = OoT_Tracker.entitlements; sourceTree = "<group>"; };
/* End PBXFileReference section */

/* Begin PBXFrameworksBuildPhase section */
		828FC15C2764C7FE00EFA9E6 /* Frameworks */ = {
			isa = PBXFrameworksBuildPhase;
			buildActionMask = 2147483647;
			files = (
				822781C52764C991001C0A30 /* libresolv.tbd in Frameworks */,
				822781C32764C980001C0A30 /* liboottracker_static.a in Frameworks */,
			);
			runOnlyForDeploymentPostprocessing = 0;
		};
/* End PBXFrameworksBuildPhase section */

/* Begin PBXGroup section */
		822781BD2764C950001C0A30 /* Products */ = {
			isa = PBXGroup;
			children = (
				822781C12764C950001C0A30 /* liboottracker_static.a */,
			);
			name = Products;
			sourceTree = "<group>";
		};
		822781C22764C980001C0A30 /* Frameworks */ = {
			isa = PBXGroup;
			children = (
				822781C42764C991001C0A30 /* libresolv.tbd */,
			);
			name = Frameworks;
			sourceTree = "<group>";
		};
		828FC1562764C7FE00EFA9E6 = {
			isa = PBXGroup;
			children = (
				8276087A2765E9F0009C604C /* oottracker-bridge.h */,
				827608782765E9A7009C604C /* oottracker.h */,
				822781BC2764C950001C0A30 /* oottracker-swift.xcodeproj */,
				828FC1612764C7FE00EFA9E6 /* OoT Tracker */,
				828FC1602764C7FE00EFA9E6 /* Products */,
				822781C22764C980001C0A30 /* Frameworks */,
			);
			sourceTree = "<group>";
		};
		828FC1602764C7FE00EFA9E6 /* Products */ = {
			isa = PBXGroup;
			children = (
				828FC15F2764C7FE00EFA9E6 /* OoT Tracker.app */,
			);
			name = Products;
			sourceTree = "<group>";
		};
		828FC1612764C7FE00EFA9E6 /* OoT Tracker */ = {
			isa = PBXGroup;
			children = (
				828FC1622764C7FE00EFA9E6 /* OoT_TrackerApp.swift */,
				828FC1642764C7FE00EFA9E6 /* ContentView.swift */,
				828FC1662764C80200EFA9E6 /* Assets.xcassets */,
				828FC16B2764C80200EFA9E6 /* OoT_Tracker.entitlements */,
				828FC1682764C80200EFA9E6 /* Preview Content */,
				822781C62764CA6F001C0A30 /* ffi.swift */,
			);
			path = "OoT Tracker";
			sourceTree = "<group>";
		};
		828FC1682764C80200EFA9E6 /* Preview Content */ = {
			isa = PBXGroup;
			children = (
				828FC1692764C80200EFA9E6 /* Preview Assets.xcassets */,
			);
			path = "Preview Content";
			sourceTree = "<group>";
		};
/* End PBXGroup section */

/* Begin PBXNativeTarget section */
		828FC15E2764C7FE00EFA9E6 /* OoT Tracker */ = {
			isa = PBXNativeTarget;
			buildConfigurationList = 828FC16E2764C80200EFA9E6 /* Build configuration list for PBXNativeTarget "OoT Tracker" */;
			buildPhases = (
				828FC15B2764C7FE00EFA9E6 /* Sources */,
				828FC15C2764C7FE00EFA9E6 /* Frameworks */,
				828FC15D2764C7FE00EFA9E6 /* Resources */,
			);
			buildRules = (
			);
			dependencies = (
			);
			name = "OoT Tracker";
			productName = "OoT Tracker";
			productReference = 828FC15F2764C7FE00EFA9E6 /* OoT Tracker.app */;
			productType = "com.apple.product-type.application";
		};
/* End PBXNativeTarget section */

/* Begin PBXProject section */
		828FC1572764C7FE00EFA9E6 /* Project object */ = {
			isa = PBXProject;
			attributes = {
				BuildIndependentTargetsInParallel = 1;
				LastSwiftUpdateCheck = 1310;
				LastUpgradeCheck = 1310;
				TargetAttributes = {
					828FC15E2764C7FE00EFA9E6 = {
						CreatedOnToolsVersion = 13.1;
					};
				};
			};
			buildConfigurationList = 828FC15A2764C7FE00EFA9E6 /* Build configuration list for PBXProject "OoT Tracker" */;
			compatibilityVersion = "Xcode 13.0";
			developmentRegion = en;
			hasScannedForEncodings = 0;
			knownRegions = (
				en,
				Base,
			);
			mainGroup = 828FC1562764C7FE00EFA9E6;
			productRefGroup = 828FC1602764C7FE00EFA9E6 /* Products */;
			projectDirPath = "";
			projectReferences = (
				{
					ProductGroup = 822781BD2764C950001C0A30 /* Products */;
					ProjectRef = 822781BC2764C950001C0A30 /* oottracker-swift.xcodeproj */;
				},
			);
			projectRoot = "";
			targets = (
				828FC15E2764C7FE00EFA9E6 /* OoT Tracker */,
			);
		};
/* End PBXProject section */

/* Begin PBXReferenceProxy section */
		822781C12764C950001C0A30 /* liboottracker_static.a */ = {
			isa = PBXReferenceProxy;
			fileType = archive.ar;
			path = liboottracker_static.a;
			remoteRef = 822781C02764C950001C0A30 /* PBXContainerItemProxy */;
			sourceTree = BUILT_PRODUCTS_DIR;
		};
/* End PBXReferenceProxy section */

/* Begin PBXResourcesBuildPhase section */
		828FC15D2764C7FE00EFA9E6 /* Resources */ = {
			isa = PBXResourcesBuildPhase;
			buildActionMask = 2147483647;
			files = (
				828FC16A2764C80200EFA9E6 /* Preview Assets.xcassets in Resources */,
				828FC1672764C80200EFA9E6 /* Assets.xcassets in Resources */,
			);
			runOnlyForDeploymentPostprocessing = 0;
		};
/* End PBXResourcesBuildPhase section */

/* Begin PBXSourcesBuildPhase section */
		828FC15B2764C7FE00EFA9E6 /* Sources */ = {
			isa = PBXSourcesBuildPhase;
			buildActionMask = 2147483647;
			files = (
				822781C72764CA6F001C0A30 /* ffi.swift in Sources */,
				828FC1652764C7FE00EFA9E6 /* ContentView.swift in Sources */,
				828FC1632764C7FE00EFA9E6 /* OoT_TrackerApp.swift in Sources */,
			);
			runOnlyForDeploymentPostprocessing = 0;
		};
/* End PBXSourcesBuildPhase section */

/* Begin XCBuildConfiguration section */
		828FC16C2764C80200EFA9E6 /* Debug */ = {
			isa = XCBuildConfiguration;
			buildSettings = {
				ALWAYS_SEARCH_USER_PATHS = NO;
				CLANG_ANALYZER_NONNULL = YES;
				CLANG_ANALYZER_NUMBER_OBJECT_CONVERSION = YES_AGGRESSIVE;
				CLANG_CXX_LANGUAGE_STANDARD = "gnu++17";
				CLANG_CXX_LIBRARY = "libc++";
				CLANG_ENABLE_MODULES = YES;
				CLANG_ENABLE_OBJC_ARC = YES;
				CLANG_ENABLE_OBJC_WEAK = YES;
				CLANG_WARN_BLOCK_CAPTURE_AUTORELEASING = YES;
				CLANG_WARN_BOOL_CONVERSION = YES;
				CLANG_WARN_COMMA = YES;
				CLANG_WARN_CONSTANT_CONVERSION = YES;
				CLANG_WARN_DEPRECATED_OBJC_IMPLEMENTATIONS = YES;
				CLANG_WARN_DIRECT_OBJC_ISA_USAGE = YES_ERROR;
				CLANG_WARN_DOCUMENTATION_COMMENTS = YES;
				CLANG_WARN_EMPTY_BODY = YES;
				CLANG_WARN_ENUM_CONVERSION = YES;
				CLANG_WARN_INFINITE_RECURSION = YES;
				CLANG_WARN_INT_CONVERSION = YES;
				CLANG_WARN_NON_LITERAL_NULL_CONVERSION = YES;
				CLANG_WARN_OBJC_IMPLICIT_RETAIN_SELF = YES;
				CLANG_WARN_OBJC_LITERAL_CONVERSION = YES;
				CLANG_WARN_OBJC_ROOT_CLASS = YES_ERROR;
				CLANG_WARN_QUOTED_INCLUDE_IN_FRAMEWORK_HEADER = YES;
				CLANG_WARN_RANGE_LOOP_ANALYSIS = YES;
				CLANG_WARN_STRICT_PROTOTYPES = YES;
				CLANG_WARN_SUSPICIOUS_MOVE = YES;
				CLANG_WARN_UNGUARDED_AVAILABILITY = YES_AGGRESSIVE;
				CLANG_WARN_UNREACHABLE_CODE = YES;
				CLANG_WARN__DUPLICATE_METHOD_MATCH = YES;
				COPY_PHASE_STRIP = NO;
				DEBUG_INFORMATION_FORMAT = dwarf;
				ENABLE_STRICT_OBJC_MSGSEND = YES;
				ENABLE_TESTABILITY = YES;
				GCC_C_LANGUAGE_STANDARD = gnu11;
				GCC_DYNAMIC_NO_PIC = NO;
				GCC_NO_COMMON_BLOCKS = YES;
				GCC_OPTIMIZATION_LEVEL = 0;
				GCC_PREPROCESSOR_DEFINITIONS = (
					"DEBUG=1",
					"$(inherited)",
				);
				GCC_WARN_64_TO_32_BIT_CONVERSION = YES;
				GCC_WARN_ABOUT_RETURN_TYPE = YES_ERROR;
				GCC_WARN_UNDECLARED_SELECTOR = YES;
				GCC_WARN_UNINITIALIZED_AUTOS = YES_AGGRESSIVE;
				GCC_WARN_UNUSED_FUNCTION = YES;
				GCC_WARN_UNUSED_VARIABLE = YES;
				MACOSX_DEPLOYMENT_TARGET = 12.0;
				MTL_ENABLE_DEBUG_INFO = INCLUDE_SOURCE;
				MTL_FAST_MATH = YES;
				ONLY_ACTIVE_ARCH = YES;
				SDKROOT = macosx;
				SWIFT_ACTIVE_COMPILATION_CONDITIONS = DEBUG;
				SWIFT_OPTIMIZATION_LEVEL = "-Onone";
			};
			name = Debug;
		};
		828FC16D2764C80200EFA9E6 /* Release */ = {
			isa = XCBuildConfiguration;
			buildSettings = {
				ALWAYS_SEARCH_USER_PATHS = NO;
				CLANG_ANALYZER_NONNULL = YES;
				CLANG_ANALYZER_NUMBER_OBJECT_CONVERSION = YES_AGGRESSIVE;
				CLANG_CXX_LANGUAGE_STANDARD = "gnu++17";
				CLANG_CXX_LIBRARY = "libc++";
				CLANG_ENABLE_MODULES = YES;
				CLANG_ENABLE_OBJC_ARC = YES;
				CLANG_ENABLE_OBJC_WEAK = YES;
				CLANG_WARN_BLOCK_CAPTURE_AUTORELEASING = YES;
				CLANG_WARN_BOOL_CONVERSION = YES;
				CLANG_WARN_COMMA = YES;
				CLANG_WARN_CONSTANT_CONVERSION = YES;
				CLANG_WARN_DEPRECATED_OBJC_IMPLEMENTATIONS = YES;
				CLANG_WARN_DIRECT_OBJC_ISA_USAGE = YES_ERROR;
				CLANG_WARN_DOCUMENTATION_COMMENTS = YES;
				CLANG_WARN_EMPTY_BODY = YES;
				CLANG_WARN_ENUM_CONVERSION = YES;
				CLANG_WARN_INFINITE_RECURSION = YES;
				CLANG_WARN_INT_CONVERSION = YES;
				CLANG_WARN_NON_LITERAL_NULL_CONVERSION = YES;
				CLANG_WARN_OBJC_IMPLICIT_RETAIN_SELF = YES;
				CLANG_WARN_OBJC_LITERAL_CONVERSION = YES;
				CLANG_WARN_OBJC_ROOT_CLASS = YES_ERROR;
				CLANG_WARN_QUOTED_INCLUDE_IN_FRAMEWORK_HEADER = YES;
				CLANG_WARN_RANGE_LOOP_ANALYSIS = YES;
				CLANG_WARN_STRICT_PROTOTYPES = YES;
				CLANG_WARN_SUSPICIOUS_MOVE = YES;
				CLANG_WARN_UNGUARDED_AVAILABILITY = YES_AGGRESSIVE;
				CLANG_WARN_UNREACHABLE_CODE = YES;
				CLANG_WARN__DUPLICATE_METHOD_MATCH = YES;
				COPY_PHASE_STRIP = NO;
				DEBUG_INFORMATION_FORMAT = "dwarf-with-dsym";
				ENABLE_NS_ASSERTIONS = NO;
				ENABLE_STRICT_OBJC_MSGSEND = YES;
				GCC_C_LANGUAGE_STANDARD = gnu11;
				GCC_NO_COMMON_BLOCKS = YES;
				GCC_WARN_64_TO_32_BIT_CONVERSION = YES;
				GCC_WARN_ABOUT_RETURN_TYPE = YES_ERROR;
				GCC_WARN_UNDECLARED_SELECTOR = YES;
				GCC_WARN_UNINITIALIZED_AUTOS = YES_AGGRESSIVE;
				GCC_WARN_UNUSED_FUNCTION = YES;
				GCC_WARN_UNUSED_VARIABLE = YES;
				MACOSX_DEPLOYMENT_TARGET = 12.0;
				MTL_ENABLE_DEBUG_INFO = NO;
				MTL_FAST_MATH = YES;
				SDKROOT = macosx;
				SWIFT_COMPILATION_MODE = wholemodule;
				SWIFT_OPTIMIZATION_LEVEL = "-O";
			};
			name = Release;
		};
		828FC16F2764C80200EFA9E6 /* Debug */ = {
			isa = XCBuildConfiguration;
			buildSettings = {
				ASSETCATALOG_COMPILER_APPICON_NAME = AppIcon;
				ASSETCATALOG_COMPILER_GLOBAL_ACCENT_COLOR_NAME = AccentColor;
				CODE_SIGN_ENTITLEMENTS = "OoT Tracker/OoT_Tracker.entitlements";
				CODE_SIGN_STYLE = Automatic;
				COMBINE_HIDPI_IMAGES = YES;
				CURRENT_PROJECT_VERSION = 1;
				DEVELOPMENT_ASSET_PATHS = "\"OoT Tracker/Preview Content\"";
				ENABLE_PREVIEWS = YES;
				GENERATE_INFOPLIST_FILE = YES;
				INFOPLIST_KEY_NSHumanReadableCopyright = "";
				LD_RUNPATH_SEARCH_PATHS = (
					"$(inherited)",
					"@executable_path/../Frameworks",
				);
				MARKETING_VERSION = 1.0;
				PRODUCT_BUNDLE_IDENTIFIER = "net.fenhl.OoT-Tracker";
				PRODUCT_NAME = "$(TARGET_NAME)";
				SWIFT_EMIT_LOC_STRINGS = YES;
				SWIFT_OBJC_BRIDGING_HEADER = "oottracker-bridge.h";
				SWIFT_VERSION = 5.0;
			};
			name = Debug;
		};
		828FC1702764C80200EFA9E6 /* Release */ = {
			isa = XCBuildConfiguration;
			buildSettings = {
				ASSETCATALOG_COMPILER_APPICON_NAME = AppIcon;
				ASSETCATALOG_COMPILER_GLOBAL_ACCENT_COLOR_NAME = AccentColor;
				CODE_SIGN_ENTITLEMENTS = "OoT Tracker/OoT_Tracker.entitlements";
				CODE_SIGN_STYLE = Automatic;
				COMBINE_HIDPI_IMAGES = YES;
				CURRENT_PROJECT_VERSION = 1;
				DEVELOPMENT_ASSET_PATHS = "\"OoT Tracker/Preview Content\"";
				ENABLE_PREVIEWS = YES;
				GENERATE_INFOPLIST_FILE = YES;
				INFOPLIST_KEY_NSHumanReadableCopyright = "";
				LD_RUNPATH_SEARCH_PATHS = (
					"$(inherited)",
					"@executable_path/../Frameworks",
				);
				MARKETING_VERSION = 1.0;
				PRODUCT_BUNDLE_IDENTIFIER = "net.fenhl.OoT-Tracker";
				PRODUCT_NAME = "$(TARGET_NAME)";
				SWIFT_EMIT_LOC_STRINGS = YES;
				SWIFT_OBJC_BRIDGING_HEADER = "oottracker-bridge.h";
				SWIFT_VERSION = 5.0;
			};
			name = Release;
		};
/* End XCBuildConfiguration section */

/* Begin XCConfigurationList section */
		828FC15A2764C7FE00EFA9E6 /* Build configuration list for PBXProject "OoT Tracker" */ = {
			isa = XCConfigurationList;
			buildConfigurations = (
				828FC16C2764C80200EFA9E6 /* Debug */,
				828FC16D2764C80200EFA9E6 /* Release */,
			);
			defaultConfigurationIsVisible = 0;
			defaultConfigurationName = Release;
		};
		828FC16E2764C80200EFA9E6 /* Build configuration list for PBXNativeTarget "OoT Tracker" */ = {
			isa = XCConfigurationList;
			buildConfigurations = (
				828FC16F2764C80200EFA9E6 /* Debug */,
				828FC1702764C80200EFA9E6 /* Release */,
			);
			defaultConfigurationIsVisible = 0;
			defaultConfigurationName = Release;
		};
/* End XCConfigurationList section */
	};
	rootObject = 828FC1572764C7FE00EFA9E6 /* Project object */;
}
